
Microsoft Visual Studio Solution File, Format Version 12.00
# Visual Studio Version 17
VisualStudioVersion = 17.14.36408.4 d17.14
MinimumVisualStudioVersion = 10.0.40219.1
Project("{FAE04EC0-301F-11D3-BF4B-00C04F79EFBC}") = "WinRT_API_LocalNotification", "WinRT_API_LocalNotification.csproj", "{A717A1D7-D8F0-486B-83B4-DA097C116CA7}"
EndProject
Global
	GlobalSection(SolutionConfigurationPlatforms) = preSolution
		Debug|Any CPU = Debug|Any CPU
		Release|Any CPU = Release|Any CPU
	EndGlobalSection
	GlobalSection(ProjectConfigurationPlatforms) = postSolution
		{A717A1D7-D8F0-486B-83B4-DA097C116CA7}.Debug|Any CPU.ActiveCfg = Debug|Any CPU
		{A717A1D7-D8F0-486B-83B4-DA097C116CA7}.Debug|Any CPU.Build.0 = Debug|Any CPU
		{A717A1D7-D8F0-486B-83B4-DA097C116CA7}.Release|Any CPU.ActiveCfg = Release|Any CPU
		{A717A1D7-D8F0-486B-83B4-DA097C116CA7}.Release|Any CPU.Build.0 = Release|Any CPU
	EndGlobalSection
	GlobalSection(SolutionProperties) = preSolution
		HideSolutionNode = FALSE
	EndGlobalSection
	GlobalSection(ExtensibilityGlobals) = postSolution
		SolutionGuid = {AABBFF6F-5063-445F-B964-07ECDD05E81C}
	EndGlobalSection
EndGlobal
